
Microsoft Visual Studio Solution File, Format Version 12.00
# Visual Studio Version 17
VisualStudioVersion = 17.8.34408.163
MinimumVisualStudioVersion = 10.0.40219.1
Project("{9A19103F-16F7-4668-BE54-9A1E7A4F7556}") = "NAPLPS", "NAPLPS\NAPLPS.csproj", "{8AE579BF-573A-4BC8-9D77-B17BB57D73AC}"
EndProject
Project("{9A19103F-16F7-4668-BE54-9A1E7A4F7556}") = "NAPLPSApp", "NAPLPSApp\NAPLPSApp.csproj", "{9906A62F-8D27-4AA8-9FFD-252288CC5543}"
EndProject
Project("{9A19103F-16F7-4668-BE54-9A1E7A4F7556}") = "NAPLPSTests", "NAPLPSTests\NAPLPSTests.csproj", "{783C44D4-5EE8-4B3D-9B8A-82983406DD59}"
EndProject
Project("{2150E333-8FDC-42A3-9474-1A3956D46DE8}") = "Solution Items", "Solution Items", "{6EB2BC93-CACA-4DCE-A5BC-6239BA0073FC}"
	ProjectSection(SolutionItems) = preProject
		.gitignore = .gitignore
		LICENSE = LICENSE
		NAPLPS.sln.licenseheader = NAPLPS.sln.licenseheader
		README.md = README.md
	EndProjectSection
EndProject
Project("{2150E333-8FDC-42A3-9474-1A3956D46DE8}") = "Examples", "Examples", "{9C51A1F5-C754-4A06-B654-6BA9E68F43C1}"
	ProjectSection(SolutionItems) = preProject
		Examples\autumn.nap = Examples\autumn.nap
		Examples\canada1.nap = Examples\canada1.nap
		Examples\maple.nap = Examples\maple.nap
		Examples\MEMRA2.NAP = Examples\MEMRA2.NAP
		Examples\NAPLPS.ASC = Examples\NAPLPS.ASC
		Examples\SAIL.NAP = Examples\SAIL.NAP
	EndProjectSection
EndProject
Global
	GlobalSection(SolutionConfigurationPlatforms) = preSolution
		Debug|Any CPU = Debug|Any CPU
		Release|Any CPU = Release|Any CPU
	EndGlobalSection
	GlobalSection(ProjectConfigurationPlatforms) = postSolution
		{8AE579BF-573A-4BC8-9D77-B17BB57D73AC}.Debug|Any CPU.ActiveCfg = Debug|Any CPU
		{8AE579BF-573A-4BC8-9D77-B17BB57D73AC}.Debug|Any CPU.Build.0 = Debug|Any CPU
		{8AE579BF-573A-4BC8-9D77-B17BB57D73AC}.Release|Any CPU.ActiveCfg = Release|Any CPU
		{8AE579BF-573A-4BC8-9D77-B17BB57D73AC}.Release|Any CPU.Build.0 = Release|Any CPU
		{9906A62F-8D27-4AA8-9FFD-252288CC5543}.Debug|Any CPU.ActiveCfg = Debug|Any CPU
		{9906A62F-8D27-4AA8-9FFD-252288CC5543}.Debug|Any CPU.Build.0 = Debug|Any CPU
		{9906A62F-8D27-4AA8-9FFD-252288CC5543}.Release|Any CPU.ActiveCfg = Release|Any CPU
		{9906A62F-8D27-4AA8-9FFD-252288CC5543}.Release|Any CPU.Build.0 = Release|Any CPU
		{783C44D4-5EE8-4B3D-9B8A-82983406DD59}.Debug|Any CPU.ActiveCfg = Debug|Any CPU
		{783C44D4-5EE8-4B3D-9B8A-82983406DD59}.Debug|Any CPU.Build.0 = Debug|Any CPU
		{783C44D4-5EE8-4B3D-9B8A-82983406DD59}.Release|Any CPU.ActiveCfg = Release|Any CPU
		{783C44D4-5EE8-4B3D-9B8A-82983406DD59}.Release|Any CPU.Build.0 = Release|Any CPU
	EndGlobalSection
	GlobalSection(SolutionProperties) = preSolution
		HideSolutionNode = FALSE
	EndGlobalSection
	GlobalSection(NestedProjects) = preSolution
		{9C51A1F5-C754-4A06-B654-6BA9E68F43C1} = {6EB2BC93-CACA-4DCE-A5BC-6239BA0073FC}
	EndGlobalSection
	GlobalSection(ExtensibilityGlobals) = postSolution
		SolutionGuid = {EC02631B-475D-4806-AA4D-858B32C98A9C}
	EndGlobalSection
EndGlobal
